
Microsoft Visual Studio Solution File, Format Version 12.00
# Visual Studio 15
VisualStudioVersion = 15.0.26730.12
MinimumVisualStudioVersion = 10.0.40219.1
Project("{FAE04EC0-301F-11D3-BF4B-00C04F79EFBC}") = "Library1", "Library1\Library1.csproj", "{800C97FC-4025-4535-9135-C10EF0587428}"
EndProject
Global
	GlobalSection(SolutionConfigurationPlatforms) = preSolution
		Debug|Any CPU = Debug|Any CPU
		Release|Any CPU = Release|Any CPU
	EndGlobalSection
	GlobalSection(ProjectConfigurationPlatforms) = postSolution
		{800C97FC-4025-4535-9135-C10EF0587428}.Debug|Any CPU.ActiveCfg = Debug|Any CPU
		{800C97FC-4025-4535-9135-C10EF0587428}.Debug|Any CPU.Build.0 = Debug|Any CPU
		{800C97FC-4025-4535-9135-C10EF0587428}.Release|Any CPU.ActiveCfg = Release|Any CPU
		{800C97FC-4025-4535-9135-C10EF0587428}.Release|Any CPU.Build.0 = Release|Any CPU
	EndGlobalSection
	GlobalSection(SolutionProperties) = preSolution
		HideSolutionNode = FALSE
	EndGlobalSection
	GlobalSection(ExtensibilityGlobals) = postSolution
		SolutionGuid = {8D278302-BC3A-43A7-B7FC-0672A2C0C7FF}
	EndGlobalSection
EndGlobal
